// !$*UTF8*$!
{
	archiveVersion = 1;
	classes = {
	};
	objectVersion = 46;
	objects = {

/* Begin PBXBuildFile section */
		C63902E91E9879C600FFBB1D /* LOTAnimatableLayer.h in Headers */ = {isa = PBXBuildFile; fileRef = C63902931E9879C600FFBB1D /* LOTAnimatableLayer.h */; };
		C63902EA1E9879C600FFBB1D /* LOTAnimatableLayer.m in Sources */ = {isa = PBXBuildFile; fileRef = C63902941E9879C600FFBB1D /* LOTAnimatableLayer.m */; };
		C63902EB1E9879C600FFBB1D /* LOTEllipseShapeLayer.h in Headers */ = {isa = PBXBuildFile; fileRef = C63902951E9879C600FFBB1D /* LOTEllipseShapeLayer.h */; };
		C63902EC1E9879C600FFBB1D /* LOTEllipseShapeLayer.m in Sources */ = {isa = PBXBuildFile; fileRef = C63902961E9879C600FFBB1D /* LOTEllipseShapeLayer.m */; };
		C63902ED1E9879C600FFBB1D /* LOTGroupLayerView.h in Headers */ = {isa = PBXBuildFile; fileRef = C63902971E9879C600FFBB1D /* LOTGroupLayerView.h */; };
		C63902EE1E9879C600FFBB1D /* LOTGroupLayerView.m in Sources */ = {isa = PBXBuildFile; fileRef = C63902981E9879C600FFBB1D /* LOTGroupLayerView.m */; };
		C63902EF1E9879C600FFBB1D /* LOTLayerView.h in Headers */ = {isa = PBXBuildFile; fileRef = C63902991E9879C600FFBB1D /* LOTLayerView.h */; };
		C63902F01E9879C600FFBB1D /* LOTLayerView.m in Sources */ = {isa = PBXBuildFile; fileRef = C639029A1E9879C600FFBB1D /* LOTLayerView.m */; };
		C63902F11E9879C600FFBB1D /* LOTMaskLayer.h in Headers */ = {isa = PBXBuildFile; fileRef = C639029B1E9879C600FFBB1D /* LOTMaskLayer.h */; };
		C63902F21E9879C600FFBB1D /* LOTMaskLayer.m in Sources */ = {isa = PBXBuildFile; fileRef = C639029C1E9879C600FFBB1D /* LOTMaskLayer.m */; };
		C63902F31E9879C600FFBB1D /* LOTRectShapeLayer.h in Headers */ = {isa = PBXBuildFile; fileRef = C639029D1E9879C600FFBB1D /* LOTRectShapeLayer.h */; };
		C63902F41E9879C600FFBB1D /* LOTRectShapeLayer.m in Sources */ = {isa = PBXBuildFile; fileRef = C639029E1E9879C600FFBB1D /* LOTRectShapeLayer.m */; };
		C63902F51E9879C600FFBB1D /* LOTShapeLayerView.h in Headers */ = {isa = PBXBuildFile; fileRef = C639029F1E9879C600FFBB1D /* LOTShapeLayerView.h */; };
		C63902F61E9879C600FFBB1D /* LOTShapeLayerView.m in Sources */ = {isa = PBXBuildFile; fileRef = C63902A01E9879C600FFBB1D /* LOTShapeLayerView.m */; };
		C63902F71E9879C600FFBB1D /* LOTStrokeShapeLayer.h in Headers */ = {isa = PBXBuildFile; fileRef = C63902A11E9879C600FFBB1D /* LOTStrokeShapeLayer.h */; };
		C63902F81E9879C600FFBB1D /* LOTStrokeShapeLayer.m in Sources */ = {isa = PBXBuildFile; fileRef = C63902A21E9879C600FFBB1D /* LOTStrokeShapeLayer.m */; };
		C63902F91E9879C600FFBB1D /* LOTAnimatableBoundsValue.h in Headers */ = {isa = PBXBuildFile; fileRef = C63902A41E9879C600FFBB1D /* LOTAnimatableBoundsValue.h */; };
		C63902FA1E9879C600FFBB1D /* LOTAnimatableBoundsValue.m in Sources */ = {isa = PBXBuildFile; fileRef = C63902A51E9879C600FFBB1D /* LOTAnimatableBoundsValue.m */; };
		C63902FB1E9879C600FFBB1D /* LOTAnimatableColorValue.h in Headers */ = {isa = PBXBuildFile; fileRef = C63902A61E9879C600FFBB1D /* LOTAnimatableColorValue.h */; };
		C63902FC1E9879C600FFBB1D /* LOTAnimatableColorValue.m in Sources */ = {isa = PBXBuildFile; fileRef = C63902A71E9879C600FFBB1D /* LOTAnimatableColorValue.m */; };
		C63902FD1E9879C600FFBB1D /* LOTAnimatableNumberValue.h in Headers */ = {isa = PBXBuildFile; fileRef = C63902A81E9879C600FFBB1D /* LOTAnimatableNumberValue.h */; };
		C63902FE1E9879C600FFBB1D /* LOTAnimatableNumberValue.m in Sources */ = {isa = PBXBuildFile; fileRef = C63902A91E9879C600FFBB1D /* LOTAnimatableNumberValue.m */; };
		C63902FF1E9879C600FFBB1D /* LOTAnimatablePointValue.h in Headers */ = {isa = PBXBuildFile; fileRef = C63902AA1E9879C600FFBB1D /* LOTAnimatablePointValue.h */; };
		C63903001E9879C600FFBB1D /* LOTAnimatablePointValue.m in Sources */ = {isa = PBXBuildFile; fileRef = C63902AB1E9879C600FFBB1D /* LOTAnimatablePointValue.m */; };
		C63903011E9879C600FFBB1D /* LOTAnimatableScaleValue.h in Headers */ = {isa = PBXBuildFile; fileRef = C63902AC1E9879C600FFBB1D /* LOTAnimatableScaleValue.h */; };
		C63903021E9879C600FFBB1D /* LOTAnimatableScaleValue.m in Sources */ = {isa = PBXBuildFile; fileRef = C63902AD1E9879C600FFBB1D /* LOTAnimatableScaleValue.m */; };
		C63903031E9879C600FFBB1D /* LOTAnimatableShapeValue.h in Headers */ = {isa = PBXBuildFile; fileRef = C63902AE1E9879C600FFBB1D /* LOTAnimatableShapeValue.h */; };
		C63903041E9879C600FFBB1D /* LOTAnimatableShapeValue.m in Sources */ = {isa = PBXBuildFile; fileRef = C63902AF1E9879C600FFBB1D /* LOTAnimatableShapeValue.m */; };
		C63903051E9879C600FFBB1D /* LOTAnimatableValue.h in Headers */ = {isa = PBXBuildFile; fileRef = C63902B01E9879C600FFBB1D /* LOTAnimatableValue.h */; };
		C63903061E9879C600FFBB1D /* LOTAnimationCache.h in Headers */ = {isa = PBXBuildFile; fileRef = C63902B21E9879C600FFBB1D /* LOTAnimationCache.h */; };
		C63903071E9879C600FFBB1D /* LOTAnimationCache.m in Sources */ = {isa = PBXBuildFile; fileRef = C63902B31E9879C600FFBB1D /* LOTAnimationCache.m */; };
		C63903081E9879C600FFBB1D /* CAAnimationGroup+LOTAnimatableGroup.h in Headers */ = {isa = PBXBuildFile; fileRef = C63902B51E9879C600FFBB1D /* CAAnimationGroup+LOTAnimatableGroup.h */; };
		C63903091E9879C600FFBB1D /* CAAnimationGroup+LOTAnimatableGroup.m in Sources */ = {isa = PBXBuildFile; fileRef = C63902B61E9879C600FFBB1D /* CAAnimationGroup+LOTAnimatableGroup.m */; };
		C639030A1E9879C600FFBB1D /* CGGeometry+LOTAdditions.h in Headers */ = {isa = PBXBuildFile; fileRef = C63902B71E9879C600FFBB1D /* CGGeometry+LOTAdditions.h */; };
		C639030B1E9879C600FFBB1D /* CGGeometry+LOTAdditions.m in Sources */ = {isa = PBXBuildFile; fileRef = C63902B81E9879C600FFBB1D /* CGGeometry+LOTAdditions.m */; };
		C639030C1E9879C600FFBB1D /* LOTHelpers.h in Headers */ = {isa = PBXBuildFile; fileRef = C63902B91E9879C600FFBB1D /* LOTHelpers.h */; };
		C639030D1E9879C600FFBB1D /* UIColor+Expanded.h in Headers */ = {isa = PBXBuildFile; fileRef = C63902BA1E9879C600FFBB1D /* UIColor+Expanded.h */; };
		C639030E1E9879C600FFBB1D /* UIColor+Expanded.m in Sources */ = {isa = PBXBuildFile; fileRef = C63902BB1E9879C600FFBB1D /* UIColor+Expanded.m */; };
		C639030F1E9879C600FFBB1D /* CADisplayLink.h in Headers */ = {isa = PBXBuildFile; fileRef = C63902BD1E9879C600FFBB1D /* CADisplayLink.h */; };
		C63903101E9879C600FFBB1D /* CADisplayLink.m in Sources */ = {isa = PBXBuildFile; fileRef = C63902BE1E9879C600FFBB1D /* CADisplayLink.m */; };
		C63903111E9879C600FFBB1D /* CALayer+Compat.h in Headers */ = {isa = PBXBuildFile; fileRef = C63902BF1E9879C600FFBB1D /* CALayer+Compat.h */; };
		C63903121E9879C600FFBB1D /* CALayer+Compat.m in Sources */ = {isa = PBXBuildFile; fileRef = C63902C01E9879C600FFBB1D /* CALayer+Compat.m */; };
		C63903131E9879C600FFBB1D /* LOTPlatformCompat.h in Headers */ = {isa = PBXBuildFile; fileRef = C63902C11E9879C600FFBB1D /* LOTPlatformCompat.h */; };
		C63903141E9879C600FFBB1D /* NSValue+Compat.h in Headers */ = {isa = PBXBuildFile; fileRef = C63902C21E9879C600FFBB1D /* NSValue+Compat.h */; };
		C63903151E9879C600FFBB1D /* NSValue+Compat.m in Sources */ = {isa = PBXBuildFile; fileRef = C63902C31E9879C600FFBB1D /* NSValue+Compat.m */; };
		C63903161E9879C600FFBB1D /* UIBezierPath.h in Headers */ = {isa = PBXBuildFile; fileRef = C63902C41E9879C600FFBB1D /* UIBezierPath.h */; };
		C63903171E9879C600FFBB1D /* UIBezierPath.m in Sources */ = {isa = PBXBuildFile; fileRef = C63902C51E9879C600FFBB1D /* UIBezierPath.m */; };
		C63903181E9879C600FFBB1D /* UIColor.h in Headers */ = {isa = PBXBuildFile; fileRef = C63902C61E9879C600FFBB1D /* UIColor.h */; };
		C63903191E9879C600FFBB1D /* UIColor.m in Sources */ = {isa = PBXBuildFile; fileRef = C63902C71E9879C600FFBB1D /* UIColor.m */; };
		C639031A1E9879C600FFBB1D /* LOTComposition.h in Headers */ = {isa = PBXBuildFile; fileRef = C63902C91E9879C600FFBB1D /* LOTComposition.h */; };
		C639031B1E9879C600FFBB1D /* LOTComposition.m in Sources */ = {isa = PBXBuildFile; fileRef = C63902CA1E9879C600FFBB1D /* LOTComposition.m */; };
		C639031C1E9879C600FFBB1D /* LOTLayer.h in Headers */ = {isa = PBXBuildFile; fileRef = C63902CB1E9879C600FFBB1D /* LOTLayer.h */; };
		C639031D1E9879C600FFBB1D /* LOTLayer.m in Sources */ = {isa = PBXBuildFile; fileRef = C63902CC1E9879C600FFBB1D /* LOTLayer.m */; };
		C639031E1E9879C600FFBB1D /* LOTMask.h in Headers */ = {isa = PBXBuildFile; fileRef = C63902CD1E9879C600FFBB1D /* LOTMask.h */; };
		C639031F1E9879C600FFBB1D /* LOTMask.m in Sources */ = {isa = PBXBuildFile; fileRef = C63902CE1E9879C600FFBB1D /* LOTMask.m */; };
		C63903201E9879C600FFBB1D /* LOTModels.h in Headers */ = {isa = PBXBuildFile; fileRef = C63902CF1E9879C600FFBB1D /* LOTModels.h */; };
		C63903211E9879C600FFBB1D /* LOTShapeCircle.h in Headers */ = {isa = PBXBuildFile; fileRef = C63902D01E9879C600FFBB1D /* LOTShapeCircle.h */; };
		C63903221E9879C600FFBB1D /* LOTShapeCircle.m in Sources */ = {isa = PBXBuildFile; fileRef = C63902D11E9879C600FFBB1D /* LOTShapeCircle.m */; };
		C63903231E9879C600FFBB1D /* LOTShapeFill.h in Headers */ = {isa = PBXBuildFile; fileRef = C63902D21E9879C600FFBB1D /* LOTShapeFill.h */; };
		C63903241E9879C600FFBB1D /* LOTShapeFill.m in Sources */ = {isa = PBXBuildFile; fileRef = C63902D31E9879C600FFBB1D /* LOTShapeFill.m */; };
		C63903251E9879C600FFBB1D /* LOTShapeGroup.h in Headers */ = {isa = PBXBuildFile; fileRef = C63902D41E9879C600FFBB1D /* LOTShapeGroup.h */; };
		C63903261E9879C600FFBB1D /* LOTShapeGroup.m in Sources */ = {isa = PBXBuildFile; fileRef = C63902D51E9879C600FFBB1D /* LOTShapeGroup.m */; };
		C63903271E9879C600FFBB1D /* LOTShapePath.h in Headers */ = {isa = PBXBuildFile; fileRef = C63902D61E9879C600FFBB1D /* LOTShapePath.h */; };
		C63903281E9879C600FFBB1D /* LOTShapePath.m in Sources */ = {isa = PBXBuildFile; fileRef = C63902D71E9879C600FFBB1D /* LOTShapePath.m */; };
		C63903291E9879C600FFBB1D /* LOTShapeRectangle.h in Headers */ = {isa = PBXBuildFile; fileRef = C63902D81E9879C600FFBB1D /* LOTShapeRectangle.h */; };
		C639032A1E9879C600FFBB1D /* LOTShapeRectangle.m in Sources */ = {isa = PBXBuildFile; fileRef = C63902D91E9879C600FFBB1D /* LOTShapeRectangle.m */; };
		C639032B1E9879C600FFBB1D /* LOTShapeStroke.h in Headers */ = {isa = PBXBuildFile; fileRef = C63902DA1E9879C600FFBB1D /* LOTShapeStroke.h */; };
		C639032C1E9879C600FFBB1D /* LOTShapeStroke.m in Sources */ = {isa = PBXBuildFile; fileRef = C63902DB1E9879C600FFBB1D /* LOTShapeStroke.m */; };
		C639032D1E9879C600FFBB1D /* LOTShapeTransform.h in Headers */ = {isa = PBXBuildFile; fileRef = C63902DC1E9879C600FFBB1D /* LOTShapeTransform.h */; };
		C639032E1E9879C600FFBB1D /* LOTShapeTransform.m in Sources */ = {isa = PBXBuildFile; fileRef = C63902DD1E9879C600FFBB1D /* LOTShapeTransform.m */; };
		C639032F1E9879C600FFBB1D /* LOTShapeTrimPath.h in Headers */ = {isa = PBXBuildFile; fileRef = C63902DE1E9879C600FFBB1D /* LOTShapeTrimPath.h */; };
		C63903301E9879C600FFBB1D /* LOTShapeTrimPath.m in Sources */ = {isa = PBXBuildFile; fileRef = C63902DF1E9879C600FFBB1D /* LOTShapeTrimPath.m */; };
		C63903311E9879C600FFBB1D /* LOTAnimationTransitionController.m in Sources */ = {isa = PBXBuildFile; fileRef = C63902E11E9879C600FFBB1D /* LOTAnimationTransitionController.m */; };
		C63903321E9879C600FFBB1D /* LOTAnimationView.m in Sources */ = {isa = PBXBuildFile; fileRef = C63902E21E9879C600FFBB1D /* LOTAnimationView.m */; };
		C63903331E9879C600FFBB1D /* LOTAnimationView_Internal.h in Headers */ = {isa = PBXBuildFile; fileRef = C63902E31E9879C600FFBB1D /* LOTAnimationView_Internal.h */; };
		C63903341E9879C600FFBB1D /* LOTAnimationTransitionController.h in Headers */ = {isa = PBXBuildFile; fileRef = C63902E51E9879C600FFBB1D /* LOTAnimationTransitionController.h */; };
		C63903351E9879C600FFBB1D /* LOTAnimationView.h in Headers */ = {isa = PBXBuildFile; fileRef = C63902E61E9879C600FFBB1D /* LOTAnimationView.h */; };
		C63903361E9879C600FFBB1D /* LOTAnimationView_Compat.h in Headers */ = {isa = PBXBuildFile; fileRef = C63902E71E9879C600FFBB1D /* LOTAnimationView_Compat.h */; };
		C63903371E9879C600FFBB1D /* Lottie.h in Headers */ = {isa = PBXBuildFile; fileRef = C63902E81E9879C600FFBB1D /* Lottie.h */; };
/* End PBXBuildFile section */

/* Begin PBXFileReference section */
		C63902851E98797C00FFBB1D /* liblottie-macos.a */ = {isa = PBXFileReference; explicitFileType = archive.ar; includeInIndex = 0; path = "liblottie-macos.a"; sourceTree = BUILT_PRODUCTS_DIR; };
		C63902931E9879C600FFBB1D /* LOTAnimatableLayer.h */ = {isa = PBXFileReference; fileEncoding = 4; lastKnownFileType = sourcecode.c.h; path = LOTAnimatableLayer.h; sourceTree = "<group>"; };
		C63902941E9879C600FFBB1D /* LOTAnimatableLayer.m */ = {isa = PBXFileReference; fileEncoding = 4; lastKnownFileType = sourcecode.c.objc; path = LOTAnimatableLayer.m; sourceTree = "<group>"; };
		C63902951E9879C600FFBB1D /* LOTEllipseShapeLayer.h */ = {isa = PBXFileReference; fileEncoding = 4; lastKnownFileType = sourcecode.c.h; path = LOTEllipseShapeLayer.h; sourceTree = "<group>"; };
		C63902961E9879C600FFBB1D /* LOTEllipseShapeLayer.m */ = {isa = PBXFileReference; fileEncoding = 4; lastKnownFileType = sourcecode.c.objc; path = LOTEllipseShapeLayer.m; sourceTree = "<group>"; };
		C63902971E9879C600FFBB1D /* LOTGroupLayerView.h */ = {isa = PBXFileReference; fileEncoding = 4; lastKnownFileType = sourcecode.c.h; path = LOTGroupLayerView.h; sourceTree = "<group>"; };
		C63902981E9879C600FFBB1D /* LOTGroupLayerView.m */ = {isa = PBXFileReference; fileEncoding = 4; lastKnownFileType = sourcecode.c.objc; path = LOTGroupLayerView.m; sourceTree = "<group>"; };
		C63902991E9879C600FFBB1D /* LOTLayerView.h */ = {isa = PBXFileReference; fileEncoding = 4; lastKnownFileType = sourcecode.c.h; path = LOTLayerView.h; sourceTree = "<group>"; };
		C639029A1E9879C600FFBB1D /* LOTLayerView.m */ = {isa = PBXFileReference; fileEncoding = 4; lastKnownFileType = sourcecode.c.objc; path = LOTLayerView.m; sourceTree = "<group>"; };
		C639029B1E9879C600FFBB1D /* LOTMaskLayer.h */ = {isa = PBXFileReference; fileEncoding = 4; lastKnownFileType = sourcecode.c.h; path = LOTMaskLayer.h; sourceTree = "<group>"; };
		C639029C1E9879C600FFBB1D /* LOTMaskLayer.m */ = {isa = PBXFileReference; fileEncoding = 4; lastKnownFileType = sourcecode.c.objc; path = LOTMaskLayer.m; sourceTree = "<group>"; };
		C639029D1E9879C600FFBB1D /* LOTRectShapeLayer.h */ = {isa = PBXFileReference; fileEncoding = 4; lastKnownFileType = sourcecode.c.h; path = LOTRectShapeLayer.h; sourceTree = "<group>"; };
		C639029E1E9879C600FFBB1D /* LOTRectShapeLayer.m */ = {isa = PBXFileReference; fileEncoding = 4; lastKnownFileType = sourcecode.c.objc; path = LOTRectShapeLayer.m; sourceTree = "<group>"; };
		C639029F1E9879C600FFBB1D /* LOTShapeLayerView.h */ = {isa = PBXFileReference; fileEncoding = 4; lastKnownFileType = sourcecode.c.h; path = LOTShapeLayerView.h; sourceTree = "<group>"; };
		C63902A01E9879C600FFBB1D /* LOTShapeLayerView.m */ = {isa = PBXFileReference; fileEncoding = 4; lastKnownFileType = sourcecode.c.objc; path = LOTShapeLayerView.m; sourceTree = "<group>"; };
		C63902A11E9879C600FFBB1D /* LOTStrokeShapeLayer.h */ = {isa = PBXFileReference; fileEncoding = 4; lastKnownFileType = sourcecode.c.h; path = LOTStrokeShapeLayer.h; sourceTree = "<group>"; };
		C63902A21E9879C600FFBB1D /* LOTStrokeShapeLayer.m */ = {isa = PBXFileReference; fileEncoding = 4; lastKnownFileType = sourcecode.c.objc; path = LOTStrokeShapeLayer.m; sourceTree = "<group>"; };
		C63902A41E9879C600FFBB1D /* LOTAnimatableBoundsValue.h */ = {isa = PBXFileReference; fileEncoding = 4; lastKnownFileType = sourcecode.c.h; path = LOTAnimatableBoundsValue.h; sourceTree = "<group>"; };
		C63902A51E9879C600FFBB1D /* LOTAnimatableBoundsValue.m */ = {isa = PBXFileReference; fileEncoding = 4; lastKnownFileType = sourcecode.c.objc; path = LOTAnimatableBoundsValue.m; sourceTree = "<group>"; };
		C63902A61E9879C600FFBB1D /* LOTAnimatableColorValue.h */ = {isa = PBXFileReference; fileEncoding = 4; lastKnownFileType = sourcecode.c.h; path = LOTAnimatableColorValue.h; sourceTree = "<group>"; };
		C63902A71E9879C600FFBB1D /* LOTAnimatableColorValue.m */ = {isa = PBXFileReference; fileEncoding = 4; lastKnownFileType = sourcecode.c.objc; path = LOTAnimatableColorValue.m; sourceTree = "<group>"; };
		C63902A81E9879C600FFBB1D /* LOTAnimatableNumberValue.h */ = {isa = PBXFileReference; fileEncoding = 4; lastKnownFileType = sourcecode.c.h; path = LOTAnimatableNumberValue.h; sourceTree = "<group>"; };
		C63902A91E9879C600FFBB1D /* LOTAnimatableNumberValue.m */ = {isa = PBXFileReference; fileEncoding = 4; lastKnownFileType = sourcecode.c.objc; path = LOTAnimatableNumberValue.m; sourceTree = "<group>"; };
		C63902AA1E9879C600FFBB1D /* LOTAnimatablePointValue.h */ = {isa = PBXFileReference; fileEncoding = 4; lastKnownFileType = sourcecode.c.h; path = LOTAnimatablePointValue.h; sourceTree = "<group>"; };
		C63902AB1E9879C600FFBB1D /* LOTAnimatablePointValue.m */ = {isa = PBXFileReference; fileEncoding = 4; lastKnownFileType = sourcecode.c.objc; path = LOTAnimatablePointValue.m; sourceTree = "<group>"; };
		C63902AC1E9879C600FFBB1D /* LOTAnimatableScaleValue.h */ = {isa = PBXFileReference; fileEncoding = 4; lastKnownFileType = sourcecode.c.h; path = LOTAnimatableScaleValue.h; sourceTree = "<group>"; };
		C63902AD1E9879C600FFBB1D /* LOTAnimatableScaleValue.m */ = {isa = PBXFileReference; fileEncoding = 4; lastKnownFileType = sourcecode.c.objc; path = LOTAnimatableScaleValue.m; sourceTree = "<group>"; };
		C63902AE1E9879C600FFBB1D /* LOTAnimatableShapeValue.h */ = {isa = PBXFileReference; fileEncoding = 4; lastKnownFileType = sourcecode.c.h; path = LOTAnimatableShapeValue.h; sourceTree = "<group>"; };
		C63902AF1E9879C600FFBB1D /* LOTAnimatableShapeValue.m */ = {isa = PBXFileReference; fileEncoding = 4; lastKnownFileType = sourcecode.c.objc; path = LOTAnimatableShapeValue.m; sourceTree = "<group>"; };
		C63902B01E9879C600FFBB1D /* LOTAnimatableValue.h */ = {isa = PBXFileReference; fileEncoding = 4; lastKnownFileType = sourcecode.c.h; path = LOTAnimatableValue.h; sourceTree = "<group>"; };
		C63902B21E9879C600FFBB1D /* LOTAnimationCache.h */ = {isa = PBXFileReference; fileEncoding = 4; lastKnownFileType = sourcecode.c.h; path = LOTAnimationCache.h; sourceTree = "<group>"; };
		C63902B31E9879C600FFBB1D /* LOTAnimationCache.m */ = {isa = PBXFileReference; fileEncoding = 4; lastKnownFileType = sourcecode.c.objc; path = LOTAnimationCache.m; sourceTree = "<group>"; };
		C63902B51E9879C600FFBB1D /* CAAnimationGroup+LOTAnimatableGroup.h */ = {isa = PBXFileReference; fileEncoding = 4; lastKnownFileType = sourcecode.c.h; path = "CAAnimationGroup+LOTAnimatableGroup.h"; sourceTree = "<group>"; };
		C63902B61E9879C600FFBB1D /* CAAnimationGroup+LOTAnimatableGroup.m */ = {isa = PBXFileReference; fileEncoding = 4; lastKnownFileType = sourcecode.c.objc; path = "CAAnimationGroup+LOTAnimatableGroup.m"; sourceTree = "<group>"; };
		C63902B71E9879C600FFBB1D /* CGGeometry+LOTAdditions.h */ = {isa = PBXFileReference; fileEncoding = 4; lastKnownFileType = sourcecode.c.h; path = "CGGeometry+LOTAdditions.h"; sourceTree = "<group>"; };
		C63902B81E9879C600FFBB1D /* CGGeometry+LOTAdditions.m */ = {isa = PBXFileReference; fileEncoding = 4; lastKnownFileType = sourcecode.c.objc; path = "CGGeometry+LOTAdditions.m"; sourceTree = "<group>"; };
		C63902B91E9879C600FFBB1D /* LOTHelpers.h */ = {isa = PBXFileReference; fileEncoding = 4; lastKnownFileType = sourcecode.c.h; path = LOTHelpers.h; sourceTree = "<group>"; };
		C63902BA1E9879C600FFBB1D /* UIColor+Expanded.h */ = {isa = PBXFileReference; fileEncoding = 4; lastKnownFileType = sourcecode.c.h; path = "UIColor+Expanded.h"; sourceTree = "<group>"; };
		C63902BB1E9879C600FFBB1D /* UIColor+Expanded.m */ = {isa = PBXFileReference; fileEncoding = 4; lastKnownFileType = sourcecode.c.objc; path = "UIColor+Expanded.m"; sourceTree = "<group>"; };
		C63902BD1E9879C600FFBB1D /* CADisplayLink.h */ = {isa = PBXFileReference; fileEncoding = 4; lastKnownFileType = sourcecode.c.h; path = CADisplayLink.h; sourceTree = "<group>"; };
		C63902BE1E9879C600FFBB1D /* CADisplayLink.m */ = {isa = PBXFileReference; fileEncoding = 4; lastKnownFileType = sourcecode.c.objc; path = CADisplayLink.m; sourceTree = "<group>"; };
		C63902BF1E9879C600FFBB1D /* CALayer+Compat.h */ = {isa = PBXFileReference; fileEncoding = 4; lastKnownFileType = sourcecode.c.h; path = "CALayer+Compat.h"; sourceTree = "<group>"; };
		C63902C01E9879C600FFBB1D /* CALayer+Compat.m */ = {isa = PBXFileReference; fileEncoding = 4; lastKnownFileType = sourcecode.c.objc; path = "CALayer+Compat.m"; sourceTree = "<group>"; };
		C63902C11E9879C600FFBB1D /* LOTPlatformCompat.h */ = {isa = PBXFileReference; fileEncoding = 4; lastKnownFileType = sourcecode.c.h; path = LOTPlatformCompat.h; sourceTree = "<group>"; };
		C63902C21E9879C600FFBB1D /* NSValue+Compat.h */ = {isa = PBXFileReference; fileEncoding = 4; lastKnownFileType = sourcecode.c.h; path = "NSValue+Compat.h"; sourceTree = "<group>"; };
		C63902C31E9879C600FFBB1D /* NSValue+Compat.m */ = {isa = PBXFileReference; fileEncoding = 4; lastKnownFileType = sourcecode.c.objc; path = "NSValue+Compat.m"; sourceTree = "<group>"; };
		C63902C41E9879C600FFBB1D /* UIBezierPath.h */ = {isa = PBXFileReference; fileEncoding = 4; lastKnownFileType = sourcecode.c.h; path = UIBezierPath.h; sourceTree = "<group>"; };
		C63902C51E9879C600FFBB1D /* UIBezierPath.m */ = {isa = PBXFileReference; fileEncoding = 4; lastKnownFileType = sourcecode.c.objc; path = UIBezierPath.m; sourceTree = "<group>"; };
		C63902C61E9879C600FFBB1D /* UIColor.h */ = {isa = PBXFileReference; fileEncoding = 4; lastKnownFileType = sourcecode.c.h; path = UIColor.h; sourceTree = "<group>"; };
		C63902C71E9879C600FFBB1D /* UIColor.m */ = {isa = PBXFileReference; fileEncoding = 4; lastKnownFileType = sourcecode.c.objc; path = UIColor.m; sourceTree = "<group>"; };
		C63902C91E9879C600FFBB1D /* LOTComposition.h */ = {isa = PBXFileReference; fileEncoding = 4; lastKnownFileType = sourcecode.c.h; path = LOTComposition.h; sourceTree = "<group>"; };
		C63902CA1E9879C600FFBB1D /* LOTComposition.m */ = {isa = PBXFileReference; fileEncoding = 4; lastKnownFileType = sourcecode.c.objc; path = LOTComposition.m; sourceTree = "<group>"; };
		C63902CB1E9879C600FFBB1D /* LOTLayer.h */ = {isa = PBXFileReference; fileEncoding = 4; lastKnownFileType = sourcecode.c.h; path = LOTLayer.h; sourceTree = "<group>"; };
		C63902CC1E9879C600FFBB1D /* LOTLayer.m */ = {isa = PBXFileReference; fileEncoding = 4; lastKnownFileType = sourcecode.c.objc; path = LOTLayer.m; sourceTree = "<group>"; };
		C63902CD1E9879C600FFBB1D /* LOTMask.h */ = {isa = PBXFileReference; fileEncoding = 4; lastKnownFileType = sourcecode.c.h; path = LOTMask.h; sourceTree = "<group>"; };
		C63902CE1E9879C600FFBB1D /* LOTMask.m */ = {isa = PBXFileReference; fileEncoding = 4; lastKnownFileType = sourcecode.c.objc; path = LOTMask.m; sourceTree = "<group>"; };
		C63902CF1E9879C600FFBB1D /* LOTModels.h */ = {isa = PBXFileReference; fileEncoding = 4; lastKnownFileType = sourcecode.c.h; path = LOTModels.h; sourceTree = "<group>"; };
		C63902D01E9879C600FFBB1D /* LOTShapeCircle.h */ = {isa = PBXFileReference; fileEncoding = 4; lastKnownFileType = sourcecode.c.h; path = LOTShapeCircle.h; sourceTree = "<group>"; };
		C63902D11E9879C600FFBB1D /* LOTShapeCircle.m */ = {isa = PBXFileReference; fileEncoding = 4; lastKnownFileType = sourcecode.c.objc; path = LOTShapeCircle.m; sourceTree = "<group>"; };
		C63902D21E9879C600FFBB1D /* LOTShapeFill.h */ = {isa = PBXFileReference; fileEncoding = 4; lastKnownFileType = sourcecode.c.h; path = LOTShapeFill.h; sourceTree = "<group>"; };
		C63902D31E9879C600FFBB1D /* LOTShapeFill.m */ = {isa = PBXFileReference; fileEncoding = 4; lastKnownFileType = sourcecode.c.objc; path = LOTShapeFill.m; sourceTree = "<group>"; };
		C63902D41E9879C600FFBB1D /* LOTShapeGroup.h */ = {isa = PBXFileReference; fileEncoding = 4; lastKnownFileType = sourcecode.c.h; path = LOTShapeGroup.h; sourceTree = "<group>"; };
		C63902D51E9879C600FFBB1D /* LOTShapeGroup.m */ = {isa = PBXFileReference; fileEncoding = 4; lastKnownFileType = sourcecode.c.objc; path = LOTShapeGroup.m; sourceTree = "<group>"; };
		C63902D61E9879C600FFBB1D /* LOTShapePath.h */ = {isa = PBXFileReference; fileEncoding = 4; lastKnownFileType = sourcecode.c.h; path = LOTShapePath.h; sourceTree = "<group>"; };
		C63902D71E9879C600FFBB1D /* LOTShapePath.m */ = {isa = PBXFileReference; fileEncoding = 4; lastKnownFileType = sourcecode.c.objc; path = LOTShapePath.m; sourceTree = "<group>"; };
		C63902D81E9879C600FFBB1D /* LOTShapeRectangle.h */ = {isa = PBXFileReference; fileEncoding = 4; lastKnownFileType = sourcecode.c.h; path = LOTShapeRectangle.h; sourceTree = "<group>"; };
		C63902D91E9879C600FFBB1D /* LOTShapeRectangle.m */ = {isa = PBXFileReference; fileEncoding = 4; lastKnownFileType = sourcecode.c.objc; path = LOTShapeRectangle.m; sourceTree = "<group>"; };
		C63902DA1E9879C600FFBB1D /* LOTShapeStroke.h */ = {isa = PBXFileReference; fileEncoding = 4; lastKnownFileType = sourcecode.c.h; path = LOTShapeStroke.h; sourceTree = "<group>"; };
		C63902DB1E9879C600FFBB1D /* LOTShapeStroke.m */ = {isa = PBXFileReference; fileEncoding = 4; lastKnownFileType = sourcecode.c.objc; path = LOTShapeStroke.m; sourceTree = "<group>"; };
		C63902DC1E9879C600FFBB1D /* LOTShapeTransform.h */ = {isa = PBXFileReference; fileEncoding = 4; lastKnownFileType = sourcecode.c.h; path = LOTShapeTransform.h; sourceTree = "<group>"; };
		C63902DD1E9879C600FFBB1D /* LOTShapeTransform.m */ = {isa = PBXFileReference; fileEncoding = 4; lastKnownFileType = sourcecode.c.objc; path = LOTShapeTransform.m; sourceTree = "<group>"; };
		C63902DE1E9879C600FFBB1D /* LOTShapeTrimPath.h */ = {isa = PBXFileReference; fileEncoding = 4; lastKnownFileType = sourcecode.c.h; path = LOTShapeTrimPath.h; sourceTree = "<group>"; };
		C63902DF1E9879C600FFBB1D /* LOTShapeTrimPath.m */ = {isa = PBXFileReference; fileEncoding = 4; lastKnownFileType = sourcecode.c.objc; path = LOTShapeTrimPath.m; sourceTree = "<group>"; };
		C63902E11E9879C600FFBB1D /* LOTAnimationTransitionController.m */ = {isa = PBXFileReference; fileEncoding = 4; lastKnownFileType = sourcecode.c.objc; path = LOTAnimationTransitionController.m; sourceTree = "<group>"; };
		C63902E21E9879C600FFBB1D /* LOTAnimationView.m */ = {isa = PBXFileReference; fileEncoding = 4; lastKnownFileType = sourcecode.c.objc; path = LOTAnimationView.m; sourceTree = "<group>"; };
		C63902E31E9879C600FFBB1D /* LOTAnimationView_Internal.h */ = {isa = PBXFileReference; fileEncoding = 4; lastKnownFileType = sourcecode.c.h; path = LOTAnimationView_Internal.h; sourceTree = "<group>"; };
		C63902E51E9879C600FFBB1D /* LOTAnimationTransitionController.h */ = {isa = PBXFileReference; fileEncoding = 4; lastKnownFileType = sourcecode.c.h; path = LOTAnimationTransitionController.h; sourceTree = "<group>"; };
		C63902E61E9879C600FFBB1D /* LOTAnimationView.h */ = {isa = PBXFileReference; fileEncoding = 4; lastKnownFileType = sourcecode.c.h; path = LOTAnimationView.h; sourceTree = "<group>"; };
		C63902E71E9879C600FFBB1D /* LOTAnimationView_Compat.h */ = {isa = PBXFileReference; fileEncoding = 4; lastKnownFileType = sourcecode.c.h; path = LOTAnimationView_Compat.h; sourceTree = "<group>"; };
		C63902E81E9879C600FFBB1D /* Lottie.h */ = {isa = PBXFileReference; fileEncoding = 4; lastKnownFileType = sourcecode.c.h; path = Lottie.h; sourceTree = "<group>"; };
/* End PBXFileReference section */

/* Begin PBXFrameworksBuildPhase section */
		C63902821E98797C00FFBB1D /* Frameworks */ = {
			isa = PBXFrameworksBuildPhase;
			buildActionMask = 2147483647;
			files = (
			);
			runOnlyForDeploymentPostprocessing = 0;
		};
/* End PBXFrameworksBuildPhase section */

/* Begin PBXGroup section */
		C639027C1E98797C00FFBB1D = {
			isa = PBXGroup;
			children = (
				C63902871E98797C00FFBB1D /* lottie-macos */,
				C63902861E98797C00FFBB1D /* Products */,
			);
			sourceTree = "<group>";
		};
		C63902861E98797C00FFBB1D /* Products */ = {
			isa = PBXGroup;
			children = (
				C63902851E98797C00FFBB1D /* liblottie-macos.a */,
			);
			name = Products;
			sourceTree = "<group>";
		};
		C63902871E98797C00FFBB1D /* lottie-macos */ = {
			isa = PBXGroup;
			children = (
				C63902911E9879A500FFBB1D /* Classes */,
			);
			path = "lottie-macos";
			sourceTree = "<group>";
		};
		C63902911E9879A500FFBB1D /* Classes */ = {
			isa = PBXGroup;
			children = (
				C63902921E9879C600FFBB1D /* AnimatableLayers */,
				C63902A31E9879C600FFBB1D /* AnimatableProperties */,
				C63902B11E9879C600FFBB1D /* AnimationCache */,
				C63902B41E9879C600FFBB1D /* Extensions */,
				C63902BC1E9879C600FFBB1D /* MacCompatability */,
				C63902C81E9879C600FFBB1D /* Models */,
				C63902E01E9879C600FFBB1D /* Private */,
				C63902E41E9879C600FFBB1D /* PublicHeaders */,
			);
			name = Classes;
			path = "../../lottie-ios/Classes";
			sourceTree = "<group>";
		};
		C63902921E9879C600FFBB1D /* AnimatableLayers */ = {
			isa = PBXGroup;
			children = (
				C63902931E9879C600FFBB1D /* LOTAnimatableLayer.h */,
				C63902941E9879C600FFBB1D /* LOTAnimatableLayer.m */,
				C63902951E9879C600FFBB1D /* LOTEllipseShapeLayer.h */,
				C63902961E9879C600FFBB1D /* LOTEllipseShapeLayer.m */,
				C63902971E9879C600FFBB1D /* LOTGroupLayerView.h */,
				C63902981E9879C600FFBB1D /* LOTGroupLayerView.m */,
				C63902991E9879C600FFBB1D /* LOTLayerView.h */,
				C639029A1E9879C600FFBB1D /* LOTLayerView.m */,
				C639029B1E9879C600FFBB1D /* LOTMaskLayer.h */,
				C639029C1E9879C600FFBB1D /* LOTMaskLayer.m */,
				C639029D1E9879C600FFBB1D /* LOTRectShapeLayer.h */,
				C639029E1E9879C600FFBB1D /* LOTRectShapeLayer.m */,
				C639029F1E9879C600FFBB1D /* LOTShapeLayerView.h */,
				C63902A01E9879C600FFBB1D /* LOTShapeLayerView.m */,
				C63902A11E9879C600FFBB1D /* LOTStrokeShapeLayer.h */,
				C63902A21E9879C600FFBB1D /* LOTStrokeShapeLayer.m */,
			);
			path = AnimatableLayers;
			sourceTree = "<group>";
		};
		C63902A31E9879C600FFBB1D /* AnimatableProperties */ = {
			isa = PBXGroup;
			children = (
				C63902A41E9879C600FFBB1D /* LOTAnimatableBoundsValue.h */,
				C63902A51E9879C600FFBB1D /* LOTAnimatableBoundsValue.m */,
				C63902A61E9879C600FFBB1D /* LOTAnimatableColorValue.h */,
				C63902A71E9879C600FFBB1D /* LOTAnimatableColorValue.m */,
				C63902A81E9879C600FFBB1D /* LOTAnimatableNumberValue.h */,
				C63902A91E9879C600FFBB1D /* LOTAnimatableNumberValue.m */,
				C63902AA1E9879C600FFBB1D /* LOTAnimatablePointValue.h */,
				C63902AB1E9879C600FFBB1D /* LOTAnimatablePointValue.m */,
				C63902AC1E9879C600FFBB1D /* LOTAnimatableScaleValue.h */,
				C63902AD1E9879C600FFBB1D /* LOTAnimatableScaleValue.m */,
				C63902AE1E9879C600FFBB1D /* LOTAnimatableShapeValue.h */,
				C63902AF1E9879C600FFBB1D /* LOTAnimatableShapeValue.m */,
				C63902B01E9879C600FFBB1D /* LOTAnimatableValue.h */,
			);
			path = AnimatableProperties;
			sourceTree = "<group>";
		};
		C63902B11E9879C600FFBB1D /* AnimationCache */ = {
			isa = PBXGroup;
			children = (
				C63902B21E9879C600FFBB1D /* LOTAnimationCache.h */,
				C63902B31E9879C600FFBB1D /* LOTAnimationCache.m */,
			);
			path = AnimationCache;
			sourceTree = "<group>";
		};
		C63902B41E9879C600FFBB1D /* Extensions */ = {
			isa = PBXGroup;
			children = (
				C63902B51E9879C600FFBB1D /* CAAnimationGroup+LOTAnimatableGroup.h */,
				C63902B61E9879C600FFBB1D /* CAAnimationGroup+LOTAnimatableGroup.m */,
				C63902B71E9879C600FFBB1D /* CGGeometry+LOTAdditions.h */,
				C63902B81E9879C600FFBB1D /* CGGeometry+LOTAdditions.m */,
				C63902B91E9879C600FFBB1D /* LOTHelpers.h */,
				C63902BA1E9879C600FFBB1D /* UIColor+Expanded.h */,
				C63902BB1E9879C600FFBB1D /* UIColor+Expanded.m */,
			);
			path = Extensions;
			sourceTree = "<group>";
		};
		C63902BC1E9879C600FFBB1D /* MacCompatability */ = {
			isa = PBXGroup;
			children = (
				C63902BD1E9879C600FFBB1D /* CADisplayLink.h */,
				C63902BE1E9879C600FFBB1D /* CADisplayLink.m */,
				C63902BF1E9879C600FFBB1D /* CALayer+Compat.h */,
				C63902C01E9879C600FFBB1D /* CALayer+Compat.m */,
				C63902C11E9879C600FFBB1D /* LOTPlatformCompat.h */,
				C63902C21E9879C600FFBB1D /* NSValue+Compat.h */,
				C63902C31E9879C600FFBB1D /* NSValue+Compat.m */,
				C63902C41E9879C600FFBB1D /* UIBezierPath.h */,
				C63902C51E9879C600FFBB1D /* UIBezierPath.m */,
				C63902C61E9879C600FFBB1D /* UIColor.h */,
				C63902C71E9879C600FFBB1D /* UIColor.m */,
			);
			path = MacCompatability;
			sourceTree = "<group>";
		};
		C63902C81E9879C600FFBB1D /* Models */ = {
			isa = PBXGroup;
			children = (
				C63902C91E9879C600FFBB1D /* LOTComposition.h */,
				C63902CA1E9879C600FFBB1D /* LOTComposition.m */,
				C63902CB1E9879C600FFBB1D /* LOTLayer.h */,
				C63902CC1E9879C600FFBB1D /* LOTLayer.m */,
				C63902CD1E9879C600FFBB1D /* LOTMask.h */,
				C63902CE1E9879C600FFBB1D /* LOTMask.m */,
				C63902CF1E9879C600FFBB1D /* LOTModels.h */,
				C63902D01E9879C600FFBB1D /* LOTShapeCircle.h */,
				C63902D11E9879C600FFBB1D /* LOTShapeCircle.m */,
				C63902D21E9879C600FFBB1D /* LOTShapeFill.h */,
				C63902D31E9879C600FFBB1D /* LOTShapeFill.m */,
				C63902D41E9879C600FFBB1D /* LOTShapeGroup.h */,
				C63902D51E9879C600FFBB1D /* LOTShapeGroup.m */,
				C63902D61E9879C600FFBB1D /* LOTShapePath.h */,
				C63902D71E9879C600FFBB1D /* LOTShapePath.m */,
				C63902D81E9879C600FFBB1D /* LOTShapeRectangle.h */,
				C63902D91E9879C600FFBB1D /* LOTShapeRectangle.m */,
				C63902DA1E9879C600FFBB1D /* LOTShapeStroke.h */,
				C63902DB1E9879C600FFBB1D /* LOTShapeStroke.m */,
				C63902DC1E9879C600FFBB1D /* LOTShapeTransform.h */,
				C63902DD1E9879C600FFBB1D /* LOTShapeTransform.m */,
				C63902DE1E9879C600FFBB1D /* LOTShapeTrimPath.h */,
				C63902DF1E9879C600FFBB1D /* LOTShapeTrimPath.m */,
			);
			path = Models;
			sourceTree = "<group>";
		};
		C63902E01E9879C600FFBB1D /* Private */ = {
			isa = PBXGroup;
			children = (
				C63902E11E9879C600FFBB1D /* LOTAnimationTransitionController.m */,
				C63902E21E9879C600FFBB1D /* LOTAnimationView.m */,
				C63902E31E9879C600FFBB1D /* LOTAnimationView_Internal.h */,
			);
			path = Private;
			sourceTree = "<group>";
		};
		C63902E41E9879C600FFBB1D /* PublicHeaders */ = {
			isa = PBXGroup;
			children = (
				C63902E51E9879C600FFBB1D /* LOTAnimationTransitionController.h */,
				C63902E61E9879C600FFBB1D /* LOTAnimationView.h */,
				C63902E71E9879C600FFBB1D /* LOTAnimationView_Compat.h */,
				C63902E81E9879C600FFBB1D /* Lottie.h */,
			);
			path = PublicHeaders;
			sourceTree = "<group>";
		};
/* End PBXGroup section */

/* Begin PBXHeadersBuildPhase section */
		C63902831E98797C00FFBB1D /* Headers */ = {
			isa = PBXHeadersBuildPhase;
			buildActionMask = 2147483647;
			files = (
				C639031E1E9879C600FFBB1D /* LOTMask.h in Headers */,
				C63903161E9879C600FFBB1D /* UIBezierPath.h in Headers */,
				C63903361E9879C600FFBB1D /* LOTAnimationView_Compat.h in Headers */,
				C63903031E9879C600FFBB1D /* LOTAnimatableShapeValue.h in Headers */,
				C63903341E9879C600FFBB1D /* LOTAnimationTransitionController.h in Headers */,
				C639030F1E9879C600FFBB1D /* CADisplayLink.h in Headers */,
				C63902E91E9879C600FFBB1D /* LOTAnimatableLayer.h in Headers */,
				C63903141E9879C600FFBB1D /* NSValue+Compat.h in Headers */,
				C63903011E9879C600FFBB1D /* LOTAnimatableScaleValue.h in Headers */,
				C63903331E9879C600FFBB1D /* LOTAnimationView_Internal.h in Headers */,
				C63903111E9879C600FFBB1D /* CALayer+Compat.h in Headers */,
				C63903371E9879C600FFBB1D /* Lottie.h in Headers */,
				C63902F91E9879C600FFBB1D /* LOTAnimatableBoundsValue.h in Headers */,
				C63903051E9879C600FFBB1D /* LOTAnimatableValue.h in Headers */,
				C63903061E9879C600FFBB1D /* LOTAnimationCache.h in Headers */,
				C639032D1E9879C600FFBB1D /* LOTShapeTransform.h in Headers */,
				C63902F51E9879C600FFBB1D /* LOTShapeLayerView.h in Headers */,
				C639032F1E9879C600FFBB1D /* LOTShapeTrimPath.h in Headers */,
				C63903181E9879C600FFBB1D /* UIColor.h in Headers */,
				C63902EF1E9879C600FFBB1D /* LOTLayerView.h in Headers */,
				C63903291E9879C600FFBB1D /* LOTShapeRectangle.h in Headers */,
				C63903201E9879C600FFBB1D /* LOTModels.h in Headers */,
				C639031A1E9879C600FFBB1D /* LOTComposition.h in Headers */,
				C63902FB1E9879C600FFBB1D /* LOTAnimatableColorValue.h in Headers */,
				C63903231E9879C600FFBB1D /* LOTShapeFill.h in Headers */,
				C63902F11E9879C600FFBB1D /* LOTMaskLayer.h in Headers */,
				C639031C1E9879C600FFBB1D /* LOTLayer.h in Headers */,
				C639030A1E9879C600FFBB1D /* CGGeometry+LOTAdditions.h in Headers */,
				C63903351E9879C600FFBB1D /* LOTAnimationView.h in Headers */,
				C63902ED1E9879C600FFBB1D /* LOTGroupLayerView.h in Headers */,
				C63903081E9879C600FFBB1D /* CAAnimationGroup+LOTAnimatableGroup.h in Headers */,
				C63902FD1E9879C600FFBB1D /* LOTAnimatableNumberValue.h in Headers */,
				C639030D1E9879C600FFBB1D /* UIColor+Expanded.h in Headers */,
				C63903211E9879C600FFBB1D /* LOTShapeCircle.h in Headers */,
				C63903251E9879C600FFBB1D /* LOTShapeGroup.h in Headers */,
				C63903131E9879C600FFBB1D /* LOTPlatformCompat.h in Headers */,
				C63903271E9879C600FFBB1D /* LOTShapePath.h in Headers */,
				C63902F71E9879C600FFBB1D /* LOTStrokeShapeLayer.h in Headers */,
				C639030C1E9879C600FFBB1D /* LOTHelpers.h in Headers */,
				C63902EB1E9879C600FFBB1D /* LOTEllipseShapeLayer.h in Headers */,
				C63902F31E9879C600FFBB1D /* LOTRectShapeLayer.h in Headers */,
				C63902FF1E9879C600FFBB1D /* LOTAnimatablePointValue.h in Headers */,
				C639032B1E9879C600FFBB1D /* LOTShapeStroke.h in Headers */,
			);
			runOnlyForDeploymentPostprocessing = 0;
		};
/* End PBXHeadersBuildPhase section */

/* Begin PBXNativeTarget section */
		C63902841E98797C00FFBB1D /* lottie-macos */ = {
			isa = PBXNativeTarget;
			buildConfigurationList = C639028E1E98797C00FFBB1D /* Build configuration list for PBXNativeTarget "lottie-macos" */;
			buildPhases = (
				C63902811E98797C00FFBB1D /* Sources */,
				C63902821E98797C00FFBB1D /* Frameworks */,
				C63902831E98797C00FFBB1D /* Headers */,
			);
			buildRules = (
			);
			dependencies = (
			);
			name = "lottie-macos";
			productName = "lottie-macos";
			productReference = C63902851E98797C00FFBB1D /* liblottie-macos.a */;
			productType = "com.apple.product-type.library.static";
		};
/* End PBXNativeTarget section */

/* Begin PBXProject section */
		C639027D1E98797C00FFBB1D /* Project object */ = {
			isa = PBXProject;
			attributes = {
				LastUpgradeCheck = 0820;
				ORGANIZATIONNAME = AnchorFree;
				TargetAttributes = {
					C63902841E98797C00FFBB1D = {
						CreatedOnToolsVersion = 8.2.1;
						DevelopmentTeam = 3TH5R7YS88;
						ProvisioningStyle = Automatic;
					};
				};
			};
			buildConfigurationList = C63902801E98797C00FFBB1D /* Build configuration list for PBXProject "lottie-macos" */;
			compatibilityVersion = "Xcode 3.2";
			developmentRegion = English;
			hasScannedForEncodings = 0;
			knownRegions = (
				en,
			);
			mainGroup = C639027C1E98797C00FFBB1D;
			productRefGroup = C63902861E98797C00FFBB1D /* Products */;
			projectDirPath = "";
			projectRoot = "";
			targets = (
				C63902841E98797C00FFBB1D /* lottie-macos */,
			);
		};
/* End PBXProject section */

/* Begin PBXSourcesBuildPhase section */
		C63902811E98797C00FFBB1D /* Sources */ = {
			isa = PBXSourcesBuildPhase;
			buildActionMask = 2147483647;
			files = (
				C639031F1E9879C600FFBB1D /* LOTMask.m in Sources */,
				C63903041E9879C600FFBB1D /* LOTAnimatableShapeValue.m in Sources */,
				C63903071E9879C600FFBB1D /* LOTAnimationCache.m in Sources */,
				C639032A1E9879C600FFBB1D /* LOTShapeRectangle.m in Sources */,
				C63903091E9879C600FFBB1D /* CAAnimationGroup+LOTAnimatableGroup.m in Sources */,
				C639031D1E9879C600FFBB1D /* LOTLayer.m in Sources */,
				C63902F41E9879C600FFBB1D /* LOTRectShapeLayer.m in Sources */,
				C63903321E9879C600FFBB1D /* LOTAnimationView.m in Sources */,
				C63903171E9879C600FFBB1D /* UIBezierPath.m in Sources */,
				C63903001E9879C600FFBB1D /* LOTAnimatablePointValue.m in Sources */,
				C63903021E9879C600FFBB1D /* LOTAnimatableScaleValue.m in Sources */,
				C63903241E9879C600FFBB1D /* LOTShapeFill.m in Sources */,
				C63903221E9879C600FFBB1D /* LOTShapeCircle.m in Sources */,
				C63903261E9879C600FFBB1D /* LOTShapeGroup.m in Sources */,
				C63903101E9879C600FFBB1D /* CADisplayLink.m in Sources */,
				C63902EC1E9879C600FFBB1D /* LOTEllipseShapeLayer.m in Sources */,
				C63903311E9879C600FFBB1D /* LOTAnimationTransitionController.m in Sources */,
				C63902F01E9879C600FFBB1D /* LOTLayerView.m in Sources */,
				C63902FC1E9879C600FFBB1D /* LOTAnimatableColorValue.m in Sources */,
				C639032E1E9879C600FFBB1D /* LOTShapeTransform.m in Sources */,
				C63903121E9879C600FFBB1D /* CALayer+Compat.m in Sources */,
				C63902F21E9879C600FFBB1D /* LOTMaskLayer.m in Sources */,
				C639032C1E9879C600FFBB1D /* LOTShapeStroke.m in Sources */,
				C639030B1E9879C600FFBB1D /* CGGeometry+LOTAdditions.m in Sources */,
				C63902EE1E9879C600FFBB1D /* LOTGroupLayerView.m in Sources */,
				C639031B1E9879C600FFBB1D /* LOTComposition.m in Sources */,
				C63902FA1E9879C600FFBB1D /* LOTAnimatableBoundsValue.m in Sources */,
				C63903191E9879C600FFBB1D /* UIColor.m in Sources */,
				C63903151E9879C600FFBB1D /* NSValue+Compat.m in Sources */,
				C63902FE1E9879C600FFBB1D /* LOTAnimatableNumberValue.m in Sources */,
				C639030E1E9879C600FFBB1D /* UIColor+Expanded.m in Sources */,
				C63902F81E9879C600FFBB1D /* LOTStrokeShapeLayer.m in Sources */,
				C63902F61E9879C600FFBB1D /* LOTShapeLayerView.m in Sources */,
				C63903301E9879C600FFBB1D /* LOTShapeTrimPath.m in Sources */,
				C63903281E9879C600FFBB1D /* LOTShapePath.m in Sources */,
				C63902EA1E9879C600FFBB1D /* LOTAnimatableLayer.m in Sources */,
			);
			runOnlyForDeploymentPostprocessing = 0;
		};
/* End PBXSourcesBuildPhase section */

/* Begin XCBuildConfiguration section */
		C639028C1E98797C00FFBB1D /* Debug */ = {
			isa = XCBuildConfiguration;
			buildSettings = {
				ALWAYS_SEARCH_USER_PATHS = NO;
				CLANG_ANALYZER_NONNULL = YES;
				CLANG_CXX_LANGUAGE_STANDARD = "gnu++0x";
				CLANG_CXX_LIBRARY = "libc++";
				CLANG_ENABLE_MODULES = YES;
				CLANG_ENABLE_OBJC_ARC = YES;
				CLANG_WARN_BOOL_CONVERSION = YES;
				CLANG_WARN_CONSTANT_CONVERSION = YES;
				CLANG_WARN_DIRECT_OBJC_ISA_USAGE = YES_ERROR;
				CLANG_WARN_DOCUMENTATION_COMMENTS = YES;
				CLANG_WARN_EMPTY_BODY = YES;
				CLANG_WARN_ENUM_CONVERSION = YES;
				CLANG_WARN_INFINITE_RECURSION = YES;
				CLANG_WARN_INT_CONVERSION = YES;
				CLANG_WARN_OBJC_ROOT_CLASS = YES_ERROR;
				CLANG_WARN_SUSPICIOUS_MOVE = YES;
				CLANG_WARN_UNREACHABLE_CODE = YES;
				CLANG_WARN__DUPLICATE_METHOD_MATCH = YES;
				CODE_SIGN_IDENTITY = "-";
				COPY_PHASE_STRIP = NO;
				DEBUG_INFORMATION_FORMAT = dwarf;
				ENABLE_STRICT_OBJC_MSGSEND = YES;
				ENABLE_TESTABILITY = YES;
				GCC_C_LANGUAGE_STANDARD = gnu99;
				GCC_DYNAMIC_NO_PIC = NO;
				GCC_NO_COMMON_BLOCKS = YES;
				GCC_OPTIMIZATION_LEVEL = 0;
				GCC_PREPROCESSOR_DEFINITIONS = (
					"DEBUG=1",
					"$(inherited)",
				);
				GCC_WARN_64_TO_32_BIT_CONVERSION = YES;
				GCC_WARN_ABOUT_RETURN_TYPE = YES_ERROR;
				GCC_WARN_UNDECLARED_SELECTOR = YES;
				GCC_WARN_UNINITIALIZED_AUTOS = YES_AGGRESSIVE;
				GCC_WARN_UNUSED_FUNCTION = YES;
				GCC_WARN_UNUSED_VARIABLE = YES;
				MACOSX_DEPLOYMENT_TARGET = 10.12;
				MTL_ENABLE_DEBUG_INFO = YES;
				ONLY_ACTIVE_ARCH = YES;
				SDKROOT = macosx;
			};
			name = Debug;
		};
		C639028D1E98797C00FFBB1D /* Release */ = {
			isa = XCBuildConfiguration;
			buildSettings = {
				ALWAYS_SEARCH_USER_PATHS = NO;
				CLANG_ANALYZER_NONNULL = YES;
				CLANG_CXX_LANGUAGE_STANDARD = "gnu++0x";
				CLANG_CXX_LIBRARY = "libc++";
				CLANG_ENABLE_MODULES = YES;
				CLANG_ENABLE_OBJC_ARC = YES;
				CLANG_WARN_BOOL_CONVERSION = YES;
				CLANG_WARN_CONSTANT_CONVERSION = YES;
				CLANG_WARN_DIRECT_OBJC_ISA_USAGE = YES_ERROR;
				CLANG_WARN_DOCUMENTATION_COMMENTS = YES;
				CLANG_WARN_EMPTY_BODY = YES;
				CLANG_WARN_ENUM_CONVERSION = YES;
				CLANG_WARN_INFINITE_RECURSION = YES;
				CLANG_WARN_INT_CONVERSION = YES;
				CLANG_WARN_OBJC_ROOT_CLASS = YES_ERROR;
				CLANG_WARN_SUSPICIOUS_MOVE = YES;
				CLANG_WARN_UNREACHABLE_CODE = YES;
				CLANG_WARN__DUPLICATE_METHOD_MATCH = YES;
				CODE_SIGN_IDENTITY = "-";
				COPY_PHASE_STRIP = NO;
				DEBUG_INFORMATION_FORMAT = "dwarf-with-dsym";
				ENABLE_NS_ASSERTIONS = NO;
				ENABLE_STRICT_OBJC_MSGSEND = YES;
				GCC_C_LANGUAGE_STANDARD = gnu99;
				GCC_NO_COMMON_BLOCKS = YES;
				GCC_WARN_64_TO_32_BIT_CONVERSION = YES;
				GCC_WARN_ABOUT_RETURN_TYPE = YES_ERROR;
				GCC_WARN_UNDECLARED_SELECTOR = YES;
				GCC_WARN_UNINITIALIZED_AUTOS = YES_AGGRESSIVE;
				GCC_WARN_UNUSED_FUNCTION = YES;
				GCC_WARN_UNUSED_VARIABLE = YES;
				MACOSX_DEPLOYMENT_TARGET = 10.12;
				MTL_ENABLE_DEBUG_INFO = NO;
				SDKROOT = macosx;
			};
			name = Release;
		};
		C639028F1E98797C00FFBB1D /* Debug */ = {
			isa = XCBuildConfiguration;
			buildSettings = {
				DEVELOPMENT_TEAM = 3TH5R7YS88;
				EXECUTABLE_PREFIX = lib;
				PRODUCT_NAME = "$(TARGET_NAME)";
			};
			name = Debug;
		};
		C63902901E98797C00FFBB1D /* Release */ = {
			isa = XCBuildConfiguration;
			buildSettings = {
				DEVELOPMENT_TEAM = 3TH5R7YS88;
				EXECUTABLE_PREFIX = lib;
				PRODUCT_NAME = "$(TARGET_NAME)";
			};
			name = Release;
		};
/* End XCBuildConfiguration section */

/* Begin XCConfigurationList section */
		C63902801E98797C00FFBB1D /* Build configuration list for PBXProject "lottie-macos" */ = {
			isa = XCConfigurationList;
			buildConfigurations = (
				C639028C1E98797C00FFBB1D /* Debug */,
				C639028D1E98797C00FFBB1D /* Release */,
			);
			defaultConfigurationIsVisible = 0;
			defaultConfigurationName = Release;
		};
		C639028E1E98797C00FFBB1D /* Build configuration list for PBXNativeTarget "lottie-macos" */ = {
			isa = XCConfigurationList;
			buildConfigurations = (
				C639028F1E98797C00FFBB1D /* Debug */,
				C63902901E98797C00FFBB1D /* Release */,
			);
			defaultConfigurationIsVisible = 0;
		};
/* End XCConfigurationList section */
	};
	rootObject = C639027D1E98797C00FFBB1D /* Project object */;
}
